
Microsoft Visual Studio Solution File, Format Version 12.00
# Visual Studio Version 17
VisualStudioVersion = 17.14.36414.22 d17.14
MinimumVisualStudioVersion = 10.0.40219.1
Project("{FAE04EC0-301F-11D3-BF4B-00C04F79EFBC}") = "BaseApi", "BaseApi\BaseApi.csproj", "{DACBD118-0AE8-4B40-83E2-2731929099F0}"
EndProject
Global
	GlobalSection(SolutionConfigurationPlatforms) = preSolution
		Debug|Any CPU = Debug|Any CPU
		Release|Any CPU = Release|Any CPU
	EndGlobalSection
	GlobalSection(ProjectConfigurationPlatforms) = postSolution
		{DACBD118-0AE8-4B40-83E2-2731929099F0}.Debug|Any CPU.ActiveCfg = Debug|Any CPU
		{DACBD118-0AE8-4B40-83E2-2731929099F0}.Debug|Any CPU.Build.0 = Debug|Any CPU
		{DACBD118-0AE8-4B40-83E2-2731929099F0}.Release|Any CPU.ActiveCfg = Release|Any CPU
		{DACBD118-0AE8-4B40-83E2-2731929099F0}.Release|Any CPU.Build.0 = Release|Any CPU
	EndGlobalSection
	GlobalSection(SolutionProperties) = preSolution
		HideSolutionNode = FALSE
	EndGlobalSection
	GlobalSection(ExtensibilityGlobals) = postSolution
		SolutionGuid = {A5D3139B-A976-4991-8B6C-8E52E1A0A8BF}
	EndGlobalSection
EndGlobal
